# THIS IS AN AUTOGENERATED FILE. DO NOT EDIT THIS FILE DIRECTLY.
# yarn lockfile v1


"@fortawesome/fontawesome-free@5.15.3":
  version "5.15.3"
  resolved "https://registry.yarnpkg.com/@fortawesome/fontawesome-free/-/fontawesome-free-5.15.3.tgz#c36ffa64a2a239bf948541a97b6ae8d729e09a9a"
  integrity sha512-rFnSUN/QOtnOAgqFRooTA3H57JLDm0QEG/jPdk+tLQNL/eWd+Aok8g3qCI+Q1xuDPWpGW/i9JySpJVsq8Q0s9w==
